// !$*UTF8*$!
{
	archiveVersion = 1;
	classes = {
	};
	objectVersion = 50;
	objects = {

/* Begin PBXBuildFile section */
		ACFBF16B235293D000686E72 /* AppDelegate.swift in Sources */ = {isa = PBXBuildFile; fileRef = ACFBF16A235293D000686E72 /* AppDelegate.swift */; };
		ACFBF16D235293D000686E72 /* SceneDelegate.swift in Sources */ = {isa = PBXBuildFile; fileRef = ACFBF16C235293D000686E72 /* SceneDelegate.swift */; };
		ACFBF16F235293D000686E72 /* ContentView.swift in Sources */ = {isa = PBXBuildFile; fileRef = ACFBF16E235293D000686E72 /* ContentView.swift */; };
		ACFBF171235293D100686E72 /* Assets.xcassets in Resources */ = {isa = PBXBuildFile; fileRef = ACFBF170235293D100686E72 /* Assets.xcassets */; };
		ACFBF174235293D100686E72 /* Preview Assets.xcassets in Resources */ = {isa = PBXBuildFile; fileRef = ACFBF173235293D100686E72 /* Preview Assets.xcassets */; };
		ACFBF177235293D100686E72 /* LaunchScreen.storyboard in Resources */ = {isa = PBXBuildFile; fileRef = ACFBF175235293D100686E72 /* LaunchScreen.storyboard */; };
		ACFBF18723529B0900686E72 /* CardView.swift in Sources */ = {isa = PBXBuildFile; fileRef = ACFBF18623529B0900686E72 /* CardView.swift */; };
		ACFBF18A2352A37F00686E72 /* FontExtensions.swift in Sources */ = {isa = PBXBuildFile; fileRef = ACFBF1892352A37F00686E72 /* FontExtensions.swift */; };
		ACFBF18E2352A68C00686E72 /* Card.swift in Sources */ = {isa = PBXBuildFile; fileRef = ACFBF18D2352A68C00686E72 /* Card.swift */; };
		ACFBF1902352A81900686E72 /* GameBoardView.swift in Sources */ = {isa = PBXBuildFile; fileRef = ACFBF18F2352A81900686E72 /* GameBoardView.swift */; };
		ACFBF1922352A8DF00686E72 /* Hand.swift in Sources */ = {isa = PBXBuildFile; fileRef = ACFBF1912352A8DF00686E72 /* Hand.swift */; };
		ACFBF1942352A9CA00686E72 /* HandActionButtonView.swift in Sources */ = {isa = PBXBuildFile; fileRef = ACFBF1932352A9CA00686E72 /* HandActionButtonView.swift */; };
		ACFBF1962352AE3500686E72 /* HandView.swift in Sources */ = {isa = PBXBuildFile; fileRef = ACFBF1952352AE3400686E72 /* HandView.swift */; };
/* End PBXBuildFile section */

/* Begin PBXFileReference section */
		ACFBF167235293D000686E72 /* BlackjackTrainer.app */ = {isa = PBXFileReference; explicitFileType = wrapper.application; includeInIndex = 0; path = BlackjackTrainer.app; sourceTree = BUILT_PRODUCTS_DIR; };
		ACFBF16A235293D000686E72 /* AppDelegate.swift */ = {isa = PBXFileReference; lastKnownFileType = sourcecode.swift; path = AppDelegate.swift; sourceTree = "<group>"; };
		ACFBF16C235293D000686E72 /* SceneDelegate.swift */ = {isa = PBXFileReference; lastKnownFileType = sourcecode.swift; path = SceneDelegate.swift; sourceTree = "<group>"; };
		ACFBF16E235293D000686E72 /* ContentView.swift */ = {isa = PBXFileReference; lastKnownFileType = sourcecode.swift; path = ContentView.swift; sourceTree = "<group>"; };
		ACFBF170235293D100686E72 /* Assets.xcassets */ = {isa = PBXFileReference; lastKnownFileType = folder.assetcatalog; path = Assets.xcassets; sourceTree = "<group>"; };
		ACFBF173235293D100686E72 /* Preview Assets.xcassets */ = {isa = PBXFileReference; lastKnownFileType = folder.assetcatalog; path = "Preview Assets.xcassets"; sourceTree = "<group>"; };
		ACFBF176235293D100686E72 /* Base */ = {isa = PBXFileReference; lastKnownFileType = file.storyboard; name = Base; path = Base.lproj/LaunchScreen.storyboard; sourceTree = "<group>"; };
		ACFBF178235293D100686E72 /* Info.plist */ = {isa = PBXFileReference; lastKnownFileType = text.plist.xml; path = Info.plist; sourceTree = "<group>"; };
		ACFBF18623529B0900686E72 /* CardView.swift */ = {isa = PBXFileReference; lastKnownFileType = sourcecode.swift; path = CardView.swift; sourceTree = "<group>"; };
		ACFBF1892352A37F00686E72 /* FontExtensions.swift */ = {isa = PBXFileReference; lastKnownFileType = sourcecode.swift; path = FontExtensions.swift; sourceTree = "<group>"; };
		ACFBF18D2352A68C00686E72 /* Card.swift */ = {isa = PBXFileReference; lastKnownFileType = sourcecode.swift; path = Card.swift; sourceTree = "<group>"; };
		ACFBF18F2352A81900686E72 /* GameBoardView.swift */ = {isa = PBXFileReference; lastKnownFileType = sourcecode.swift; path = GameBoardView.swift; sourceTree = "<group>"; };
		ACFBF1912352A8DF00686E72 /* Hand.swift */ = {isa = PBXFileReference; lastKnownFileType = sourcecode.swift; path = Hand.swift; sourceTree = "<group>"; };
		ACFBF1932352A9CA00686E72 /* HandActionButtonView.swift */ = {isa = PBXFileReference; lastKnownFileType = sourcecode.swift; path = HandActionButtonView.swift; sourceTree = "<group>"; };
		ACFBF1952352AE3400686E72 /* HandView.swift */ = {isa = PBXFileReference; lastKnownFileType = sourcecode.swift; path = HandView.swift; sourceTree = "<group>"; };
/* End PBXFileReference section */

/* Begin PBXFrameworksBuildPhase section */
		ACFBF164235293D000686E72 /* Frameworks */ = {
			isa = PBXFrameworksBuildPhase;
			buildActionMask = 2147483647;
			files = (
			);
			runOnlyForDeploymentPostprocessing = 0;
		};
/* End PBXFrameworksBuildPhase section */

/* Begin PBXGroup section */
		ACFBF15E235293D000686E72 = {
			isa = PBXGroup;
			children = (
				ACFBF169235293D000686E72 /* BlackjackTrainer */,
				ACFBF168235293D000686E72 /* Products */,
			);
			sourceTree = "<group>";
		};
		ACFBF168235293D000686E72 /* Products */ = {
			isa = PBXGroup;
			children = (
				ACFBF167235293D000686E72 /* BlackjackTrainer.app */,
			);
			name = Products;
			sourceTree = "<group>";
		};
		ACFBF169235293D000686E72 /* BlackjackTrainer */ = {
			isa = PBXGroup;
			children = (
				ACFBF1882352A37100686E72 /* Extensions */,
				ACFBF17F235293FB00686E72 /* Views */,
				ACFBF17E235293F000686E72 /* Models */,
				ACFBF16A235293D000686E72 /* AppDelegate.swift */,
				ACFBF16C235293D000686E72 /* SceneDelegate.swift */,
				ACFBF170235293D100686E72 /* Assets.xcassets */,
				ACFBF175235293D100686E72 /* LaunchScreen.storyboard */,
				ACFBF178235293D100686E72 /* Info.plist */,
				ACFBF172235293D100686E72 /* Preview Content */,
			);
			path = BlackjackTrainer;
			sourceTree = "<group>";
		};
		ACFBF172235293D100686E72 /* Preview Content */ = {
			isa = PBXGroup;
			children = (
				ACFBF173235293D100686E72 /* Preview Assets.xcassets */,
			);
			path = "Preview Content";
			sourceTree = "<group>";
		};
		ACFBF17E235293F000686E72 /* Models */ = {
			isa = PBXGroup;
			children = (
				ACFBF18D2352A68C00686E72 /* Card.swift */,
				ACFBF1912352A8DF00686E72 /* Hand.swift */,
			);
			path = Models;
			sourceTree = "<group>";
		};
		ACFBF17F235293FB00686E72 /* Views */ = {
			isa = PBXGroup;
			children = (
				ACFBF16E235293D000686E72 /* ContentView.swift */,
				ACFBF18623529B0900686E72 /* CardView.swift */,
				ACFBF18F2352A81900686E72 /* GameBoardView.swift */,
				ACFBF1932352A9CA00686E72 /* HandActionButtonView.swift */,
				ACFBF1952352AE3400686E72 /* HandView.swift */,
			);
			path = Views;
			sourceTree = "<group>";
		};
		ACFBF1882352A37100686E72 /* Extensions */ = {
			isa = PBXGroup;
			children = (
				ACFBF1892352A37F00686E72 /* FontExtensions.swift */,
			);
			path = Extensions;
			sourceTree = "<group>";
		};
/* End PBXGroup section */

/* Begin PBXNativeTarget section */
		ACFBF166235293D000686E72 /* BlackjackTrainer */ = {
			isa = PBXNativeTarget;
			buildConfigurationList = ACFBF17B235293D100686E72 /* Build configuration list for PBXNativeTarget "BlackjackTrainer" */;
			buildPhases = (
				ACFBF163235293D000686E72 /* Sources */,
				ACFBF164235293D000686E72 /* Frameworks */,
				ACFBF165235293D000686E72 /* Resources */,
			);
			buildRules = (
			);
			dependencies = (
			);
			name = BlackjackTrainer;
			productName = BlackjackTrainer;
			productReference = ACFBF167235293D000686E72 /* BlackjackTrainer.app */;
			productType = "com.apple.product-type.application";
		};
/* End PBXNativeTarget section */

/* Begin PBXProject section */
		ACFBF15F235293D000686E72 /* Project object */ = {
			isa = PBXProject;
			attributes = {
				LastSwiftUpdateCheck = 1100;
				LastUpgradeCheck = 1100;
				ORGANIZATIONNAME = "Cody Pizzaia";
				TargetAttributes = {
					ACFBF166235293D000686E72 = {
						CreatedOnToolsVersion = 11.0;
					};
				};
			};
			buildConfigurationList = ACFBF162235293D000686E72 /* Build configuration list for PBXProject "BlackjackTrainer" */;
			compatibilityVersion = "Xcode 9.3";
			developmentRegion = en;
			hasScannedForEncodings = 0;
			knownRegions = (
				en,
				Base,
			);
			mainGroup = ACFBF15E235293D000686E72;
			productRefGroup = ACFBF168235293D000686E72 /* Products */;
			projectDirPath = "";
			projectRoot = "";
			targets = (
				ACFBF166235293D000686E72 /* BlackjackTrainer */,
			);
		};
/* End PBXProject section */

/* Begin PBXResourcesBuildPhase section */
		ACFBF165235293D000686E72 /* Resources */ = {
			isa = PBXResourcesBuildPhase;
			buildActionMask = 2147483647;
			files = (
				ACFBF177235293D100686E72 /* LaunchScreen.storyboard in Resources */,
				ACFBF174235293D100686E72 /* Preview Assets.xcassets in Resources */,
				ACFBF171235293D100686E72 /* Assets.xcassets in Resources */,
			);
			runOnlyForDeploymentPostprocessing = 0;
		};
/* End PBXResourcesBuildPhase section */

/* Begin PBXSourcesBuildPhase section */
		ACFBF163235293D000686E72 /* Sources */ = {
			isa = PBXSourcesBuildPhase;
			buildActionMask = 2147483647;
			files = (
				ACFBF1922352A8DF00686E72 /* Hand.swift in Sources */,
				ACFBF16B235293D000686E72 /* AppDelegate.swift in Sources */,
				ACFBF16D235293D000686E72 /* SceneDelegate.swift in Sources */,
				ACFBF1962352AE3500686E72 /* HandView.swift in Sources */,
				ACFBF18E2352A68C00686E72 /* Card.swift in Sources */,
				ACFBF1902352A81900686E72 /* GameBoardView.swift in Sources */,
				ACFBF18A2352A37F00686E72 /* FontExtensions.swift in Sources */,
				ACFBF16F235293D000686E72 /* ContentView.swift in Sources */,
				ACFBF18723529B0900686E72 /* CardView.swift in Sources */,
				ACFBF1942352A9CA00686E72 /* HandActionButtonView.swift in Sources */,
			);
			runOnlyForDeploymentPostprocessing = 0;
		};
/* End PBXSourcesBuildPhase section */

/* Begin PBXVariantGroup section */
		ACFBF175235293D100686E72 /* LaunchScreen.storyboard */ = {
			isa = PBXVariantGroup;
			children = (
				ACFBF176235293D100686E72 /* Base */,
			);
			name = LaunchScreen.storyboard;
			sourceTree = "<group>";
		};
/* End PBXVariantGroup section */

/* Begin XCBuildConfiguration section */
		ACFBF179235293D100686E72 /* Debug */ = {
			isa = XCBuildConfiguration;
			buildSettings = {
				ALWAYS_SEARCH_USER_PATHS = NO;
				CLANG_ANALYZER_NONNULL = YES;
				CLANG_ANALYZER_NUMBER_OBJECT_CONVERSION = YES_AGGRESSIVE;
				CLANG_CXX_LANGUAGE_STANDARD = "gnu++14";
				CLANG_CXX_LIBRARY = "libc++";
				CLANG_ENABLE_MODULES = YES;
				CLANG_ENABLE_OBJC_ARC = YES;
				CLANG_ENABLE_OBJC_WEAK = YES;
				CLANG_WARN_BLOCK_CAPTURE_AUTORELEASING = YES;
				CLANG_WARN_BOOL_CONVERSION = YES;
				CLANG_WARN_COMMA = YES;
				CLANG_WARN_CONSTANT_CONVERSION = YES;
				CLANG_WARN_DEPRECATED_OBJC_IMPLEMENTATIONS = YES;
				CLANG_WARN_DIRECT_OBJC_ISA_USAGE = YES_ERROR;
				CLANG_WARN_DOCUMENTATION_COMMENTS = YES;
				CLANG_WARN_EMPTY_BODY = YES;
				CLANG_WARN_ENUM_CONVERSION = YES;
				CLANG_WARN_INFINITE_RECURSION = YES;
				CLANG_WARN_INT_CONVERSION = YES;
				CLANG_WARN_NON_LITERAL_NULL_CONVERSION = YES;
				CLANG_WARN_OBJC_IMPLICIT_RETAIN_SELF = YES;
				CLANG_WARN_OBJC_LITERAL_CONVERSION = YES;
				CLANG_WARN_OBJC_ROOT_CLASS = YES_ERROR;
				CLANG_WARN_RANGE_LOOP_ANALYSIS = YES;
				CLANG_WARN_STRICT_PROTOTYPES = YES;
				CLANG_WARN_SUSPICIOUS_MOVE = YES;
				CLANG_WARN_UNGUARDED_AVAILABILITY = YES_AGGRESSIVE;
				CLANG_WARN_UNREACHABLE_CODE = YES;
				CLANG_WARN__DUPLICATE_METHOD_MATCH = YES;
				COPY_PHASE_STRIP = NO;
				DEBUG_INFORMATION_FORMAT = dwarf;
				ENABLE_STRICT_OBJC_MSGSEND = YES;
				ENABLE_TESTABILITY = YES;
				GCC_C_LANGUAGE_STANDARD = gnu11;
				GCC_DYNAMIC_NO_PIC = NO;
				GCC_NO_COMMON_BLOCKS = YES;
				GCC_OPTIMIZATION_LEVEL = 0;
				GCC_PREPROCESSOR_DEFINITIONS = (
					"DEBUG=1",
					"$(inherited)",
				);
				GCC_WARN_64_TO_32_BIT_CONVERSION = YES;
				GCC_WARN_ABOUT_RETURN_TYPE = YES_ERROR;
				GCC_WARN_UNDECLARED_SELECTOR = YES;
				GCC_WARN_UNINITIALIZED_AUTOS = YES_AGGRESSIVE;
				GCC_WARN_UNUSED_FUNCTION = YES;
				GCC_WARN_UNUSED_VARIABLE = YES;
				IPHONEOS_DEPLOYMENT_TARGET = 13.0;
				MTL_ENABLE_DEBUG_INFO = INCLUDE_SOURCE;
				MTL_FAST_MATH = YES;
				ONLY_ACTIVE_ARCH = YES;
				SDKROOT = iphoneos;
				SWIFT_ACTIVE_COMPILATION_CONDITIONS = DEBUG;
				SWIFT_OPTIMIZATION_LEVEL = "-Onone";
			};
			name = Debug;
		};
		ACFBF17A235293D100686E72 /* Release */ = {
			isa = XCBuildConfiguration;
			buildSettings = {
				ALWAYS_SEARCH_USER_PATHS = NO;
				CLANG_ANALYZER_NONNULL = YES;
				CLANG_ANALYZER_NUMBER_OBJECT_CONVERSION = YES_AGGRESSIVE;
				CLANG_CXX_LANGUAGE_STANDARD = "gnu++14";
				CLANG_CXX_LIBRARY = "libc++";
				CLANG_ENABLE_MODULES = YES;
				CLANG_ENABLE_OBJC_ARC = YES;
				CLANG_ENABLE_OBJC_WEAK = YES;
				CLANG_WARN_BLOCK_CAPTURE_AUTORELEASING = YES;
				CLANG_WARN_BOOL_CONVERSION = YES;
				CLANG_WARN_COMMA = YES;
				CLANG_WARN_CONSTANT_CONVERSION = YES;
				CLANG_WARN_DEPRECATED_OBJC_IMPLEMENTATIONS = YES;
				CLANG_WARN_DIRECT_OBJC_ISA_USAGE = YES_ERROR;
				CLANG_WARN_DOCUMENTATION_COMMENTS = YES;
				CLANG_WARN_EMPTY_BODY = YES;
				CLANG_WARN_ENUM_CONVERSION = YES;
				CLANG_WARN_INFINITE_RECURSION = YES;
				CLANG_WARN_INT_CONVERSION = YES;
				CLANG_WARN_NON_LITERAL_NULL_CONVERSION = YES;
				CLANG_WARN_OBJC_IMPLICIT_RETAIN_SELF = YES;
				CLANG_WARN_OBJC_LITERAL_CONVERSION = YES;
				CLANG_WARN_OBJC_ROOT_CLASS = YES_ERROR;
				CLANG_WARN_RANGE_LOOP_ANALYSIS = YES;
				CLANG_WARN_STRICT_PROTOTYPES = YES;
				CLANG_WARN_SUSPICIOUS_MOVE = YES;
				CLANG_WARN_UNGUARDED_AVAILABILITY = YES_AGGRESSIVE;
				CLANG_WARN_UNREACHABLE_CODE = YES;
				CLANG_WARN__DUPLICATE_METHOD_MATCH = YES;
				COPY_PHASE_STRIP = NO;
				DEBUG_INFORMATION_FORMAT = "dwarf-with-dsym";
				ENABLE_NS_ASSERTIONS = NO;
				ENABLE_STRICT_OBJC_MSGSEND = YES;
				GCC_C_LANGUAGE_STANDARD = gnu11;
				GCC_NO_COMMON_BLOCKS = YES;
				GCC_WARN_64_TO_32_BIT_CONVERSION = YES;
				GCC_WARN_ABOUT_RETURN_TYPE = YES_ERROR;
				GCC_WARN_UNDECLARED_SELECTOR = YES;
				GCC_WARN_UNINITIALIZED_AUTOS = YES_AGGRESSIVE;
				GCC_WARN_UNUSED_FUNCTION = YES;
				GCC_WARN_UNUSED_VARIABLE = YES;
				IPHONEOS_DEPLOYMENT_TARGET = 13.0;
				MTL_ENABLE_DEBUG_INFO = NO;
				MTL_FAST_MATH = YES;
				SDKROOT = iphoneos;
				SWIFT_COMPILATION_MODE = wholemodule;
				SWIFT_OPTIMIZATION_LEVEL = "-O";
				VALIDATE_PRODUCT = YES;
			};
			name = Release;
		};
		ACFBF17C235293D100686E72 /* Debug */ = {
			isa = XCBuildConfiguration;
			buildSettings = {
				ASSETCATALOG_COMPILER_APPICON_NAME = AppIcon;
				CODE_SIGN_STYLE = Automatic;
				DEVELOPMENT_ASSET_PATHS = "\"BlackjackTrainer/Preview Content\"";
				ENABLE_PREVIEWS = YES;
				INFOPLIST_FILE = BlackjackTrainer/Info.plist;
				LD_RUNPATH_SEARCH_PATHS = (
					"$(inherited)",
					"@executable_path/Frameworks",
				);
				PRODUCT_BUNDLE_IDENTIFIER = cpizzaia.BlackjackTrainer;
				PRODUCT_NAME = "$(TARGET_NAME)";
				SWIFT_VERSION = 5.0;
				TARGETED_DEVICE_FAMILY = "1,2";
			};
			name = Debug;
		};
		ACFBF17D235293D100686E72 /* Release */ = {
			isa = XCBuildConfiguration;
			buildSettings = {
				ASSETCATALOG_COMPILER_APPICON_NAME = AppIcon;
				CODE_SIGN_STYLE = Automatic;
				DEVELOPMENT_ASSET_PATHS = "\"BlackjackTrainer/Preview Content\"";
				ENABLE_PREVIEWS = YES;
				INFOPLIST_FILE = BlackjackTrainer/Info.plist;
				LD_RUNPATH_SEARCH_PATHS = (
					"$(inherited)",
					"@executable_path/Frameworks",
				);
				PRODUCT_BUNDLE_IDENTIFIER = cpizzaia.BlackjackTrainer;
				PRODUCT_NAME = "$(TARGET_NAME)";
				SWIFT_VERSION = 5.0;
				TARGETED_DEVICE_FAMILY = "1,2";
			};
			name = Release;
		};
/* End XCBuildConfiguration section */

/* Begin XCConfigurationList section */
		ACFBF162235293D000686E72 /* Build configuration list for PBXProject "BlackjackTrainer" */ = {
			isa = XCConfigurationList;
			buildConfigurations = (
				ACFBF179235293D100686E72 /* Debug */,
				ACFBF17A235293D100686E72 /* Release */,
			);
			defaultConfigurationIsVisible = 0;
			defaultConfigurationName = Release;
		};
		ACFBF17B235293D100686E72 /* Build configuration list for PBXNativeTarget "BlackjackTrainer" */ = {
			isa = XCConfigurationList;
			buildConfigurations = (
				ACFBF17C235293D100686E72 /* Debug */,
				ACFBF17D235293D100686E72 /* Release */,
			);
			defaultConfigurationIsVisible = 0;
			defaultConfigurationName = Release;
		};
/* End XCConfigurationList section */
	};
	rootObject = ACFBF15F235293D000686E72 /* Project object */;
}
